
Microsoft Visual Studio Solution File, Format Version 12.00
# Visual Studio 2013
VisualStudioVersion = 12.0.40629.0
MinimumVisualStudioVersion = 10.0.40219.1
Project("{FAE04EC0-301F-11D3-BF4B-00C04F79EFBC}") = "LaserMarking", "LaserMarking\LaserMarking.csproj", "{95527F34-369B-4F0D-939C-F0CCA10216B6}"
EndProject
Project("{FAE04EC0-301F-11D3-BF4B-00C04F79EFBC}") = "CommonMarkingConditionsModule", "ProgramNoSetting\CommonMarkingConditionsModule.csproj", "{D680C6EA-13E2-4FD6-889D-92B5447088CB}"
EndProject
Project("{FAE04EC0-301F-11D3-BF4B-00C04F79EFBC}") = "BlockConditionsWindow", "BlockConditions\BlockConditionsWindow.csproj", "{36857C73-515B-4EB7-934F-EF28F0A3129A}"
EndProject
Project("{FAE04EC0-301F-11D3-BF4B-00C04F79EFBC}") = "UnitTestProject", "UnitTestProject\UnitTestProject.csproj", "{D56A28B4-5F6C-48C7-978D-2481136A4A64}"
EndProject
Project("{FAE04EC0-301F-11D3-BF4B-00C04F79EFBC}") = "BlockConditionsWindow.UnitTests", "BlockConditions.UnitTests\BlockConditionsWindow.UnitTests.csproj", "{8EDF4429-251A-416D-BB68-93F227191BCF}"
EndProject
Project("{FAE04EC0-301F-11D3-BF4B-00C04F79EFBC}") = "CommonMarkingConditionsModule.Tests", "CommonMarkingConditionsModule.Tests\CommonMarkingConditionsModule.Tests.csproj", "{31C151E0-717A-4799-A0CF-6A17369123A5}"
EndProject
Project("{FAE04EC0-301F-11D3-BF4B-00C04F79EFBC}") = "LaserMarking.Tests", "LaserMarking.Tests\LaserMarking.Tests.csproj", "{A12E75CB-BEB7-4AFC-8F01-77C7B4E59598}"
EndProject
Global
	GlobalSection(SolutionConfigurationPlatforms) = preSolution
		Debug|Any CPU = Debug|Any CPU
		Release|Any CPU = Release|Any CPU
	EndGlobalSection
	GlobalSection(ProjectConfigurationPlatforms) = postSolution
		{95527F34-369B-4F0D-939C-F0CCA10216B6}.Debug|Any CPU.ActiveCfg = Debug|Any CPU
		{95527F34-369B-4F0D-939C-F0CCA10216B6}.Debug|Any CPU.Build.0 = Debug|Any CPU
		{95527F34-369B-4F0D-939C-F0CCA10216B6}.Release|Any CPU.ActiveCfg = Release|Any CPU
		{95527F34-369B-4F0D-939C-F0CCA10216B6}.Release|Any CPU.Build.0 = Release|Any CPU
		{D680C6EA-13E2-4FD6-889D-92B5447088CB}.Debug|Any CPU.ActiveCfg = Debug|Any CPU
		{D680C6EA-13E2-4FD6-889D-92B5447088CB}.Debug|Any CPU.Build.0 = Debug|Any CPU
		{D680C6EA-13E2-4FD6-889D-92B5447088CB}.Release|Any CPU.ActiveCfg = Release|Any CPU
		{D680C6EA-13E2-4FD6-889D-92B5447088CB}.Release|Any CPU.Build.0 = Release|Any CPU
		{36857C73-515B-4EB7-934F-EF28F0A3129A}.Debug|Any CPU.ActiveCfg = Debug|Any CPU
		{36857C73-515B-4EB7-934F-EF28F0A3129A}.Debug|Any CPU.Build.0 = Debug|Any CPU
		{36857C73-515B-4EB7-934F-EF28F0A3129A}.Release|Any CPU.ActiveCfg = Release|Any CPU
		{36857C73-515B-4EB7-934F-EF28F0A3129A}.Release|Any CPU.Build.0 = Release|Any CPU
		{D56A28B4-5F6C-48C7-978D-2481136A4A64}.Debug|Any CPU.ActiveCfg = Debug|Any CPU
		{D56A28B4-5F6C-48C7-978D-2481136A4A64}.Debug|Any CPU.Build.0 = Debug|Any CPU
		{D56A28B4-5F6C-48C7-978D-2481136A4A64}.Release|Any CPU.ActiveCfg = Release|Any CPU
		{D56A28B4-5F6C-48C7-978D-2481136A4A64}.Release|Any CPU.Build.0 = Release|Any CPU
		{8EDF4429-251A-416D-BB68-93F227191BCF}.Debug|Any CPU.ActiveCfg = Debug|Any CPU
		{8EDF4429-251A-416D-BB68-93F227191BCF}.Debug|Any CPU.Build.0 = Debug|Any CPU
		{8EDF4429-251A-416D-BB68-93F227191BCF}.Release|Any CPU.ActiveCfg = Release|Any CPU
		{8EDF4429-251A-416D-BB68-93F227191BCF}.Release|Any CPU.Build.0 = Release|Any CPU
		{31C151E0-717A-4799-A0CF-6A17369123A5}.Debug|Any CPU.ActiveCfg = Debug|Any CPU
		{31C151E0-717A-4799-A0CF-6A17369123A5}.Debug|Any CPU.Build.0 = Debug|Any CPU
		{31C151E0-717A-4799-A0CF-6A17369123A5}.Release|Any CPU.ActiveCfg = Release|Any CPU
		{31C151E0-717A-4799-A0CF-6A17369123A5}.Release|Any CPU.Build.0 = Release|Any CPU
		{A12E75CB-BEB7-4AFC-8F01-77C7B4E59598}.Debug|Any CPU.ActiveCfg = Debug|Any CPU
		{A12E75CB-BEB7-4AFC-8F01-77C7B4E59598}.Debug|Any CPU.Build.0 = Debug|Any CPU
		{A12E75CB-BEB7-4AFC-8F01-77C7B4E59598}.Release|Any CPU.ActiveCfg = Release|Any CPU
		{A12E75CB-BEB7-4AFC-8F01-77C7B4E59598}.Release|Any CPU.Build.0 = Release|Any CPU
	EndGlobalSection
	GlobalSection(SolutionProperties) = preSolution
		HideSolutionNode = FALSE
	EndGlobalSection
EndGlobal
